
Microsoft Visual Studio Solution File, Format Version 12.00
# Visual Studio Version 17
VisualStudioVersion = 17.14.36705.20
MinimumVisualStudioVersion = 10.0.40219.1
Project("{FAE04EC0-301F-11D3-BF4B-00C04F79EFBC}") = "BlackJack.Lib", "BlackJack.Lib\BlackJack.Lib.csproj", "{DD932DB7-6539-4AE0-84A4-A825FFA312B7}"
EndProject
Project("{FAE04EC0-301F-11D3-BF4B-00C04F79EFBC}") = "BlackJack.UI", "BlackJack.UI\BlackJack.UI.csproj", "{49864A23-2876-4C6B-A9D2-BC8A0B8CA314}"
EndProject
Project("{FAE04EC0-301F-11D3-BF4B-00C04F79EFBC}") = "BlackJack.Lib.Tests", "BlackJack.Lib.Tests\BlackJack.Lib.Tests.csproj", "{476BDEB6-8D2F-461B-8C32-4680E7B92FAB}"
EndProject
Global
	GlobalSection(SolutionConfigurationPlatforms) = preSolution
		Debug|Any CPU = Debug|Any CPU
		Release|Any CPU = Release|Any CPU
	EndGlobalSection
	GlobalSection(ProjectConfigurationPlatforms) = postSolution
		{DD932DB7-6539-4AE0-84A4-A825FFA312B7}.Debug|Any CPU.ActiveCfg = Debug|Any CPU
		{DD932DB7-6539-4AE0-84A4-A825FFA312B7}.Debug|Any CPU.Build.0 = Debug|Any CPU
		{DD932DB7-6539-4AE0-84A4-A825FFA312B7}.Release|Any CPU.ActiveCfg = Release|Any CPU
		{DD932DB7-6539-4AE0-84A4-A825FFA312B7}.Release|Any CPU.Build.0 = Release|Any CPU
		{49864A23-2876-4C6B-A9D2-BC8A0B8CA314}.Debug|Any CPU.ActiveCfg = Debug|Any CPU
		{49864A23-2876-4C6B-A9D2-BC8A0B8CA314}.Debug|Any CPU.Build.0 = Debug|Any CPU
		{49864A23-2876-4C6B-A9D2-BC8A0B8CA314}.Release|Any CPU.ActiveCfg = Release|Any CPU
		{49864A23-2876-4C6B-A9D2-BC8A0B8CA314}.Release|Any CPU.Build.0 = Release|Any CPU
		{476BDEB6-8D2F-461B-8C32-4680E7B92FAB}.Debug|Any CPU.ActiveCfg = Debug|Any CPU
		{476BDEB6-8D2F-461B-8C32-4680E7B92FAB}.Debug|Any CPU.Build.0 = Debug|Any CPU
		{476BDEB6-8D2F-461B-8C32-4680E7B92FAB}.Release|Any CPU.ActiveCfg = Release|Any CPU
		{476BDEB6-8D2F-461B-8C32-4680E7B92FAB}.Release|Any CPU.Build.0 = Release|Any CPU
	EndGlobalSection
	GlobalSection(SolutionProperties) = preSolution
		HideSolutionNode = FALSE
	EndGlobalSection
	GlobalSection(ExtensibilityGlobals) = postSolution
		SolutionGuid = {CC764D04-11BA-437C-BC00-78FC9D23ED17}
	EndGlobalSection
EndGlobal
